// !$*UTF8*$!
{
	archiveVersion = 1;
	classes = {
	};
	objectVersion = 48;
	objects = {

/* Begin PBXBuildFile section */
		2E5D0A2020D0D3EB00921684 /* MinimizeAnimation.swift in Sources */ = {isa = PBXBuildFile; fileRef = 2E5D0A1F20D0D3EB00921684 /* MinimizeAnimation.swift */; };
		2E9BB9CC20AD42F50040CB64 /* AppDelegate.swift in Sources */ = {isa = PBXBuildFile; fileRef = 2E9BB9CB20AD42F50040CB64 /* AppDelegate.swift */; };
		2E9BB9CE20AD42F50040CB64 /* LoginVC.swift in Sources */ = {isa = PBXBuildFile; fileRef = 2E9BB9CD20AD42F50040CB64 /* LoginVC.swift */; };
		2E9BB9D120AD42F50040CB64 /* Main.storyboard in Resources */ = {isa = PBXBuildFile; fileRef = 2E9BB9CF20AD42F50040CB64 /* Main.storyboard */; };
		2E9BB9D320AD42F50040CB64 /* Assets.xcassets in Resources */ = {isa = PBXBuildFile; fileRef = 2E9BB9D220AD42F50040CB64 /* Assets.xcassets */; };
		2E9BB9D620AD42F50040CB64 /* LaunchScreen.storyboard in Resources */ = {isa = PBXBuildFile; fileRef = 2E9BB9D420AD42F50040CB64 /* LaunchScreen.storyboard */; };
		2E9BB9DF20B088130040CB64 /* FeedVC.swift in Sources */ = {isa = PBXBuildFile; fileRef = 2E9BB9DE20B088130040CB64 /* FeedVC.swift */; };
		2E9BB9E120B0883A0040CB64 /* CompletedVC.swift in Sources */ = {isa = PBXBuildFile; fileRef = 2E9BB9E020B0883A0040CB64 /* CompletedVC.swift */; };
		2E9BB9E320B0884D0040CB64 /* RequestVC.swift in Sources */ = {isa = PBXBuildFile; fileRef = 2E9BB9E220B0884D0040CB64 /* RequestVC.swift */; };
		2E9BB9E520B088980040CB64 /* SignUpVC.swift in Sources */ = {isa = PBXBuildFile; fileRef = 2E9BB9E420B088980040CB64 /* SignUpVC.swift */; };
		2E9BB9EA20B089AB0040CB64 /* CreateTeamVC.swift in Sources */ = {isa = PBXBuildFile; fileRef = 2E9BB9E920B089AB0040CB64 /* CreateTeamVC.swift */; };
		2EA195F820B0B24500D32DA8 /* UnclaimedCVC.swift in Sources */ = {isa = PBXBuildFile; fileRef = 2EA195F720B0B24500D32DA8 /* UnclaimedCVC.swift */; };
		2EA195FD20B0BE7E00D32DA8 /* InProgressCVC.swift in Sources */ = {isa = PBXBuildFile; fileRef = 2EA195FC20B0BE7E00D32DA8 /* InProgressCVC.swift */; };
		2EA195FF20B3C1E600D32DA8 /* PleaseCell.swift in Sources */ = {isa = PBXBuildFile; fileRef = 2EA195FE20B3C1E600D32DA8 /* PleaseCell.swift */; };
		2EE727FF20CB6FC4004EA109 /* AnimationController.swift in Sources */ = {isa = PBXBuildFile; fileRef = 2EE727FE20CB6FC4004EA109 /* AnimationController.swift */; };
/* End PBXBuildFile section */

/* Begin PBXFileReference section */
		2E5D0A1F20D0D3EB00921684 /* MinimizeAnimation.swift */ = {isa = PBXFileReference; lastKnownFileType = sourcecode.swift; path = MinimizeAnimation.swift; sourceTree = "<group>"; };
		2E9BB9C820AD42F50040CB64 /* TicketChain.app */ = {isa = PBXFileReference; explicitFileType = wrapper.application; includeInIndex = 0; path = TicketChain.app; sourceTree = BUILT_PRODUCTS_DIR; };
		2E9BB9CB20AD42F50040CB64 /* AppDelegate.swift */ = {isa = PBXFileReference; lastKnownFileType = sourcecode.swift; path = AppDelegate.swift; sourceTree = "<group>"; };
		2E9BB9CD20AD42F50040CB64 /* LoginVC.swift */ = {isa = PBXFileReference; lastKnownFileType = sourcecode.swift; path = LoginVC.swift; sourceTree = "<group>"; };
		2E9BB9D020AD42F50040CB64 /* Base */ = {isa = PBXFileReference; lastKnownFileType = file.storyboard; name = Base; path = Base.lproj/Main.storyboard; sourceTree = "<group>"; };
		2E9BB9D220AD42F50040CB64 /* Assets.xcassets */ = {isa = PBXFileReference; lastKnownFileType = folder.assetcatalog; path = Assets.xcassets; sourceTree = "<group>"; };
		2E9BB9D520AD42F50040CB64 /* Base */ = {isa = PBXFileReference; lastKnownFileType = file.storyboard; name = Base; path = Base.lproj/LaunchScreen.storyboard; sourceTree = "<group>"; };
		2E9BB9D720AD42F50040CB64 /* Info.plist */ = {isa = PBXFileReference; lastKnownFileType = text.plist.xml; path = Info.plist; sourceTree = "<group>"; };
		2E9BB9DE20B088130040CB64 /* FeedVC.swift */ = {isa = PBXFileReference; lastKnownFileType = sourcecode.swift; path = FeedVC.swift; sourceTree = "<group>"; };
		2E9BB9E020B0883A0040CB64 /* CompletedVC.swift */ = {isa = PBXFileReference; lastKnownFileType = sourcecode.swift; path = CompletedVC.swift; sourceTree = "<group>"; };
		2E9BB9E220B0884D0040CB64 /* RequestVC.swift */ = {isa = PBXFileReference; lastKnownFileType = sourcecode.swift; path = RequestVC.swift; sourceTree = "<group>"; };
		2E9BB9E420B088980040CB64 /* SignUpVC.swift */ = {isa = PBXFileReference; lastKnownFileType = sourcecode.swift; path = SignUpVC.swift; sourceTree = "<group>"; };
		2E9BB9E920B089AB0040CB64 /* CreateTeamVC.swift */ = {isa = PBXFileReference; lastKnownFileType = sourcecode.swift; path = CreateTeamVC.swift; sourceTree = "<group>"; };
		2EA195F720B0B24500D32DA8 /* UnclaimedCVC.swift */ = {isa = PBXFileReference; lastKnownFileType = sourcecode.swift; path = UnclaimedCVC.swift; sourceTree = "<group>"; };
		2EA195FC20B0BE7E00D32DA8 /* InProgressCVC.swift */ = {isa = PBXFileReference; lastKnownFileType = sourcecode.swift; path = InProgressCVC.swift; sourceTree = "<group>"; };
		2EA195FE20B3C1E600D32DA8 /* PleaseCell.swift */ = {isa = PBXFileReference; lastKnownFileType = sourcecode.swift; path = PleaseCell.swift; sourceTree = "<group>"; };
		2EE727FE20CB6FC4004EA109 /* AnimationController.swift */ = {isa = PBXFileReference; lastKnownFileType = sourcecode.swift; path = AnimationController.swift; sourceTree = "<group>"; };
/* End PBXFileReference section */

/* Begin PBXFrameworksBuildPhase section */
		2E9BB9C520AD42F50040CB64 /* Frameworks */ = {
			isa = PBXFrameworksBuildPhase;
			buildActionMask = 2147483647;
			files = (
			);
			runOnlyForDeploymentPostprocessing = 0;
		};
/* End PBXFrameworksBuildPhase section */

/* Begin PBXGroup section */
		2E9BB9BF20AD42F50040CB64 = {
			isa = PBXGroup;
			children = (
				2E9BB9CA20AD42F50040CB64 /* TicketChain */,
				2E9BB9C920AD42F50040CB64 /* Products */,
			);
			sourceTree = "<group>";
		};
		2E9BB9C920AD42F50040CB64 /* Products */ = {
			isa = PBXGroup;
			children = (
				2E9BB9C820AD42F50040CB64 /* TicketChain.app */,
			);
			name = Products;
			sourceTree = "<group>";
		};
		2E9BB9CA20AD42F50040CB64 /* TicketChain */ = {
			isa = PBXGroup;
			children = (
				2EE7280020CBA7B9004EA109 /* Animations */,
				2EA195F920B0B4BC00D32DA8 /* CollectionViewCells */,
				2E9BB9E820B089910040CB64 /* ViewControllers-CreateTeam */,
				2E9BB9E720B088C60040CB64 /* ViewControllers-NotSignedIn */,
				2E9BB9E620B088B80040CB64 /* ViewControllers-SignUp */,
				2E9BB9DD20B087D80040CB64 /* ViewControllers-SignedIn */,
				2E9BB9CB20AD42F50040CB64 /* AppDelegate.swift */,
				2E9BB9CF20AD42F50040CB64 /* Main.storyboard */,
				2E9BB9D220AD42F50040CB64 /* Assets.xcassets */,
				2E9BB9D420AD42F50040CB64 /* LaunchScreen.storyboard */,
				2E9BB9D720AD42F50040CB64 /* Info.plist */,
			);
			path = TicketChain;
			sourceTree = "<group>";
		};
		2E9BB9DD20B087D80040CB64 /* ViewControllers-SignedIn */ = {
			isa = PBXGroup;
			children = (
				2E9BB9DE20B088130040CB64 /* FeedVC.swift */,
				2E9BB9E020B0883A0040CB64 /* CompletedVC.swift */,
				2E9BB9E220B0884D0040CB64 /* RequestVC.swift */,
			);
			path = "ViewControllers-SignedIn";
			sourceTree = "<group>";
		};
		2E9BB9E620B088B80040CB64 /* ViewControllers-SignUp */ = {
			isa = PBXGroup;
			children = (
				2E9BB9E420B088980040CB64 /* SignUpVC.swift */,
			);
			path = "ViewControllers-SignUp";
			sourceTree = "<group>";
		};
		2E9BB9E720B088C60040CB64 /* ViewControllers-NotSignedIn */ = {
			isa = PBXGroup;
			children = (
				2E9BB9CD20AD42F50040CB64 /* LoginVC.swift */,
			);
			path = "ViewControllers-NotSignedIn";
			sourceTree = "<group>";
		};
		2E9BB9E820B089910040CB64 /* ViewControllers-CreateTeam */ = {
			isa = PBXGroup;
			children = (
				2E9BB9E920B089AB0040CB64 /* CreateTeamVC.swift */,
			);
			path = "ViewControllers-CreateTeam";
			sourceTree = "<group>";
		};
		2EA195F920B0B4BC00D32DA8 /* CollectionViewCells */ = {
			isa = PBXGroup;
			children = (
				2EA195F720B0B24500D32DA8 /* UnclaimedCVC.swift */,
				2EA195FC20B0BE7E00D32DA8 /* InProgressCVC.swift */,
				2EA195FE20B3C1E600D32DA8 /* PleaseCell.swift */,
			);
			path = CollectionViewCells;
			sourceTree = "<group>";
		};
		2EE7280020CBA7B9004EA109 /* Animations */ = {
			isa = PBXGroup;
			children = (
				2EE727FE20CB6FC4004EA109 /* AnimationController.swift */,
				2E5D0A1F20D0D3EB00921684 /* MinimizeAnimation.swift */,
			);
			path = Animations;
			sourceTree = "<group>";
		};
/* End PBXGroup section */

/* Begin PBXNativeTarget section */
		2E9BB9C720AD42F50040CB64 /* TicketChain */ = {
			isa = PBXNativeTarget;
			buildConfigurationList = 2E9BB9DA20AD42F50040CB64 /* Build configuration list for PBXNativeTarget "TicketChain" */;
			buildPhases = (
				2E9BB9C420AD42F50040CB64 /* Sources */,
				2E9BB9C520AD42F50040CB64 /* Frameworks */,
				2E9BB9C620AD42F50040CB64 /* Resources */,
			);
			buildRules = (
			);
			dependencies = (
			);
			name = TicketChain;
			productName = TicketChain;
			productReference = 2E9BB9C820AD42F50040CB64 /* TicketChain.app */;
			productType = "com.apple.product-type.application";
		};
/* End PBXNativeTarget section */

/* Begin PBXProject section */
		2E9BB9C020AD42F50040CB64 /* Project object */ = {
			isa = PBXProject;
			attributes = {
				LastSwiftUpdateCheck = 0920;
				LastUpgradeCheck = 0920;
				ORGANIZATIONNAME = "Robert Wais";
				TargetAttributes = {
					2E9BB9C720AD42F50040CB64 = {
						CreatedOnToolsVersion = 9.2;
						ProvisioningStyle = Automatic;
					};
				};
			};
			buildConfigurationList = 2E9BB9C320AD42F50040CB64 /* Build configuration list for PBXProject "TicketChain" */;
			compatibilityVersion = "Xcode 8.0";
			developmentRegion = en;
			hasScannedForEncodings = 0;
			knownRegions = (
				en,
				Base,
			);
			mainGroup = 2E9BB9BF20AD42F50040CB64;
			productRefGroup = 2E9BB9C920AD42F50040CB64 /* Products */;
			projectDirPath = "";
			projectRoot = "";
			targets = (
				2E9BB9C720AD42F50040CB64 /* TicketChain */,
			);
		};
/* End PBXProject section */

/* Begin PBXResourcesBuildPhase section */
		2E9BB9C620AD42F50040CB64 /* Resources */ = {
			isa = PBXResourcesBuildPhase;
			buildActionMask = 2147483647;
			files = (
				2E9BB9D620AD42F50040CB64 /* LaunchScreen.storyboard in Resources */,
				2E9BB9D320AD42F50040CB64 /* Assets.xcassets in Resources */,
				2E9BB9D120AD42F50040CB64 /* Main.storyboard in Resources */,
			);
			runOnlyForDeploymentPostprocessing = 0;
		};
/* End PBXResourcesBuildPhase section */

/* Begin PBXSourcesBuildPhase section */
		2E9BB9C420AD42F50040CB64 /* Sources */ = {
			isa = PBXSourcesBuildPhase;
			buildActionMask = 2147483647;
			files = (
				2E9BB9E320B0884D0040CB64 /* RequestVC.swift in Sources */,
				2EE727FF20CB6FC4004EA109 /* AnimationController.swift in Sources */,
				2E9BB9DF20B088130040CB64 /* FeedVC.swift in Sources */,
				2E9BB9CE20AD42F50040CB64 /* LoginVC.swift in Sources */,
				2EA195F820B0B24500D32DA8 /* UnclaimedCVC.swift in Sources */,
				2EA195FD20B0BE7E00D32DA8 /* InProgressCVC.swift in Sources */,
				2EA195FF20B3C1E600D32DA8 /* PleaseCell.swift in Sources */,
				2E9BB9E120B0883A0040CB64 /* CompletedVC.swift in Sources */,
				2E5D0A2020D0D3EB00921684 /* MinimizeAnimation.swift in Sources */,
				2E9BB9EA20B089AB0040CB64 /* CreateTeamVC.swift in Sources */,
				2E9BB9E520B088980040CB64 /* SignUpVC.swift in Sources */,
				2E9BB9CC20AD42F50040CB64 /* AppDelegate.swift in Sources */,
			);
			runOnlyForDeploymentPostprocessing = 0;
		};
/* End PBXSourcesBuildPhase section */

/* Begin PBXVariantGroup section */
		2E9BB9CF20AD42F50040CB64 /* Main.storyboard */ = {
			isa = PBXVariantGroup;
			children = (
				2E9BB9D020AD42F50040CB64 /* Base */,
			);
			name = Main.storyboard;
			sourceTree = "<group>";
		};
		2E9BB9D420AD42F50040CB64 /* LaunchScreen.storyboard */ = {
			isa = PBXVariantGroup;
			children = (
				2E9BB9D520AD42F50040CB64 /* Base */,
			);
			name = LaunchScreen.storyboard;
			sourceTree = "<group>";
		};
/* End PBXVariantGroup section */

/* Begin XCBuildConfiguration section */
		2E9BB9D820AD42F50040CB64 /* Debug */ = {
			isa = XCBuildConfiguration;
			buildSettings = {
				ALWAYS_SEARCH_USER_PATHS = NO;
				CLANG_ANALYZER_NONNULL = YES;
				CLANG_ANALYZER_NUMBER_OBJECT_CONVERSION = YES_AGGRESSIVE;
				CLANG_CXX_LANGUAGE_STANDARD = "gnu++14";
				CLANG_CXX_LIBRARY = "libc++";
				CLANG_ENABLE_MODULES = YES;
				CLANG_ENABLE_OBJC_ARC = YES;
				CLANG_WARN_BLOCK_CAPTURE_AUTORELEASING = YES;
				CLANG_WARN_BOOL_CONVERSION = YES;
				CLANG_WARN_COMMA = YES;
				CLANG_WARN_CONSTANT_CONVERSION = YES;
				CLANG_WARN_DIRECT_OBJC_ISA_USAGE = YES_ERROR;
				CLANG_WARN_DOCUMENTATION_COMMENTS = YES;
				CLANG_WARN_EMPTY_BODY = YES;
				CLANG_WARN_ENUM_CONVERSION = YES;
				CLANG_WARN_INFINITE_RECURSION = YES;
				CLANG_WARN_INT_CONVERSION = YES;
				CLANG_WARN_NON_LITERAL_NULL_CONVERSION = YES;
				CLANG_WARN_OBJC_LITERAL_CONVERSION = YES;
				CLANG_WARN_OBJC_ROOT_CLASS = YES_ERROR;
				CLANG_WARN_RANGE_LOOP_ANALYSIS = YES;
				CLANG_WARN_STRICT_PROTOTYPES = YES;
				CLANG_WARN_SUSPICIOUS_MOVE = YES;
				CLANG_WARN_UNGUARDED_AVAILABILITY = YES_AGGRESSIVE;
				CLANG_WARN_UNREACHABLE_CODE = YES;
				CLANG_WARN__DUPLICATE_METHOD_MATCH = YES;
				CODE_SIGN_IDENTITY = "iPhone Developer";
				COPY_PHASE_STRIP = NO;
				DEBUG_INFORMATION_FORMAT = dwarf;
				ENABLE_STRICT_OBJC_MSGSEND = YES;
				ENABLE_TESTABILITY = YES;
				GCC_C_LANGUAGE_STANDARD = gnu11;
				GCC_DYNAMIC_NO_PIC = NO;
				GCC_NO_COMMON_BLOCKS = YES;
				GCC_OPTIMIZATION_LEVEL = 0;
				GCC_PREPROCESSOR_DEFINITIONS = (
					"DEBUG=1",
					"$(inherited)",
				);
				GCC_WARN_64_TO_32_BIT_CONVERSION = YES;
				GCC_WARN_ABOUT_RETURN_TYPE = YES_ERROR;
				GCC_WARN_UNDECLARED_SELECTOR = YES;
				GCC_WARN_UNINITIALIZED_AUTOS = YES_AGGRESSIVE;
				GCC_WARN_UNUSED_FUNCTION = YES;
				GCC_WARN_UNUSED_VARIABLE = YES;
				IPHONEOS_DEPLOYMENT_TARGET = 11.2;
				MTL_ENABLE_DEBUG_INFO = YES;
				ONLY_ACTIVE_ARCH = YES;
				SDKROOT = iphoneos;
				SWIFT_ACTIVE_COMPILATION_CONDITIONS = DEBUG;
				SWIFT_OPTIMIZATION_LEVEL = "-Onone";
			};
			name = Debug;
		};
		2E9BB9D920AD42F50040CB64 /* Release */ = {
			isa = XCBuildConfiguration;
			buildSettings = {
				ALWAYS_SEARCH_USER_PATHS = NO;
				CLANG_ANALYZER_NONNULL = YES;
				CLANG_ANALYZER_NUMBER_OBJECT_CONVERSION = YES_AGGRESSIVE;
				CLANG_CXX_LANGUAGE_STANDARD = "gnu++14";
				CLANG_CXX_LIBRARY = "libc++";
				CLANG_ENABLE_MODULES = YES;
				CLANG_ENABLE_OBJC_ARC = YES;
				CLANG_WARN_BLOCK_CAPTURE_AUTORELEASING = YES;
				CLANG_WARN_BOOL_CONVERSION = YES;
				CLANG_WARN_COMMA = YES;
				CLANG_WARN_CONSTANT_CONVERSION = YES;
				CLANG_WARN_DIRECT_OBJC_ISA_USAGE = YES_ERROR;
				CLANG_WARN_DOCUMENTATION_COMMENTS = YES;
				CLANG_WARN_EMPTY_BODY = YES;
				CLANG_WARN_ENUM_CONVERSION = YES;
				CLANG_WARN_INFINITE_RECURSION = YES;
				CLANG_WARN_INT_CONVERSION = YES;
				CLANG_WARN_NON_LITERAL_NULL_CONVERSION = YES;
				CLANG_WARN_OBJC_LITERAL_CONVERSION = YES;
				CLANG_WARN_OBJC_ROOT_CLASS = YES_ERROR;
				CLANG_WARN_RANGE_LOOP_ANALYSIS = YES;
				CLANG_WARN_STRICT_PROTOTYPES = YES;
				CLANG_WARN_SUSPICIOUS_MOVE = YES;
				CLANG_WARN_UNGUARDED_AVAILABILITY = YES_AGGRESSIVE;
				CLANG_WARN_UNREACHABLE_CODE = YES;
				CLANG_WARN__DUPLICATE_METHOD_MATCH = YES;
				CODE_SIGN_IDENTITY = "iPhone Developer";
				COPY_PHASE_STRIP = NO;
				DEBUG_INFORMATION_FORMAT = "dwarf-with-dsym";
				ENABLE_NS_ASSERTIONS = NO;
				ENABLE_STRICT_OBJC_MSGSEND = YES;
				GCC_C_LANGUAGE_STANDARD = gnu11;
				GCC_NO_COMMON_BLOCKS = YES;
				GCC_WARN_64_TO_32_BIT_CONVERSION = YES;
				GCC_WARN_ABOUT_RETURN_TYPE = YES_ERROR;
				GCC_WARN_UNDECLARED_SELECTOR = YES;
				GCC_WARN_UNINITIALIZED_AUTOS = YES_AGGRESSIVE;
				GCC_WARN_UNUSED_FUNCTION = YES;
				GCC_WARN_UNUSED_VARIABLE = YES;
				IPHONEOS_DEPLOYMENT_TARGET = 11.2;
				MTL_ENABLE_DEBUG_INFO = NO;
				SDKROOT = iphoneos;
				SWIFT_OPTIMIZATION_LEVEL = "-Owholemodule";
				VALIDATE_PRODUCT = YES;
			};
			name = Release;
		};
		2E9BB9DB20AD42F50040CB64 /* Debug */ = {
			isa = XCBuildConfiguration;
			buildSettings = {
				ASSETCATALOG_COMPILER_APPICON_NAME = AppIcon;
				CODE_SIGN_STYLE = Automatic;
				DEVELOPMENT_TEAM = 6V78FR972C;
				INFOPLIST_FILE = TicketChain/Info.plist;
				LD_RUNPATH_SEARCH_PATHS = "$(inherited) @executable_path/Frameworks";
				PRODUCT_BUNDLE_IDENTIFIER = com.Bob.TicketChain;
				PRODUCT_NAME = "$(TARGET_NAME)";
				SWIFT_VERSION = 4.0;
				TARGETED_DEVICE_FAMILY = "1,2";
			};
			name = Debug;
		};
		2E9BB9DC20AD42F50040CB64 /* Release */ = {
			isa = XCBuildConfiguration;
			buildSettings = {
				ASSETCATALOG_COMPILER_APPICON_NAME = AppIcon;
				CODE_SIGN_STYLE = Automatic;
				DEVELOPMENT_TEAM = 6V78FR972C;
				INFOPLIST_FILE = TicketChain/Info.plist;
				LD_RUNPATH_SEARCH_PATHS = "$(inherited) @executable_path/Frameworks";
				PRODUCT_BUNDLE_IDENTIFIER = com.Bob.TicketChain;
				PRODUCT_NAME = "$(TARGET_NAME)";
				SWIFT_VERSION = 4.0;
				TARGETED_DEVICE_FAMILY = "1,2";
			};
			name = Release;
		};
/* End XCBuildConfiguration section */

/* Begin XCConfigurationList section */
		2E9BB9C320AD42F50040CB64 /* Build configuration list for PBXProject "TicketChain" */ = {
			isa = XCConfigurationList;
			buildConfigurations = (
				2E9BB9D820AD42F50040CB64 /* Debug */,
				2E9BB9D920AD42F50040CB64 /* Release */,
			);
			defaultConfigurationIsVisible = 0;
			defaultConfigurationName = Release;
		};
		2E9BB9DA20AD42F50040CB64 /* Build configuration list for PBXNativeTarget "TicketChain" */ = {
			isa = XCConfigurationList;
			buildConfigurations = (
				2E9BB9DB20AD42F50040CB64 /* Debug */,
				2E9BB9DC20AD42F50040CB64 /* Release */,
			);
			defaultConfigurationIsVisible = 0;
			defaultConfigurationName = Release;
		};
/* End XCConfigurationList section */
	};
	rootObject = 2E9BB9C020AD42F50040CB64 /* Project object */;
}
